
Microsoft Visual Studio Solution File, Format Version 12.00
# Visual Studio Version 16
VisualStudioVersion = 16.0.29215.179
MinimumVisualStudioVersion = 10.0.40219.1
Project("{FAE04EC0-301F-11D3-BF4B-00C04F79EFBC}") = "MultiLanguageMessagesConsole", "MultiLanguageMessagesConsole\MultiLanguageMessagesConsole.csproj", "{1E497C4F-2DD7-44A4-ADFE-D612292B1C41}"
EndProject
Project("{FAE04EC0-301F-11D3-BF4B-00C04F79EFBC}") = "MultiLanguageMessagesLibrary", "MultiLanguageMessagesLibrary\MultiLanguageMessagesLibrary.csproj", "{54D9DFBC-FDC7-416F-B03E-3311C98580CF}"
EndProject
Global
	GlobalSection(SolutionConfigurationPlatforms) = preSolution
		Debug|Any CPU = Debug|Any CPU
		Release|Any CPU = Release|Any CPU
	EndGlobalSection
	GlobalSection(ProjectConfigurationPlatforms) = postSolution
		{1E497C4F-2DD7-44A4-ADFE-D612292B1C41}.Debug|Any CPU.ActiveCfg = Debug|Any CPU
		{1E497C4F-2DD7-44A4-ADFE-D612292B1C41}.Debug|Any CPU.Build.0 = Debug|Any CPU
		{1E497C4F-2DD7-44A4-ADFE-D612292B1C41}.Release|Any CPU.ActiveCfg = Release|Any CPU
		{1E497C4F-2DD7-44A4-ADFE-D612292B1C41}.Release|Any CPU.Build.0 = Release|Any CPU
		{54D9DFBC-FDC7-416F-B03E-3311C98580CF}.Debug|Any CPU.ActiveCfg = Debug|Any CPU
		{54D9DFBC-FDC7-416F-B03E-3311C98580CF}.Debug|Any CPU.Build.0 = Debug|Any CPU
		{54D9DFBC-FDC7-416F-B03E-3311C98580CF}.Release|Any CPU.ActiveCfg = Release|Any CPU
		{54D9DFBC-FDC7-416F-B03E-3311C98580CF}.Release|Any CPU.Build.0 = Release|Any CPU
	EndGlobalSection
	GlobalSection(SolutionProperties) = preSolution
		HideSolutionNode = FALSE
	EndGlobalSection
	GlobalSection(ExtensibilityGlobals) = postSolution
		SolutionGuid = {CB96DA0A-8A6D-442B-AC75-9661AB20F30B}
	EndGlobalSection
EndGlobal
